<?xml version="1.0" encoding="utf-8"?>
<Project ToolsVersion="4.0" xmlns="http://schemas.microsoft.com/developer/msbuild/2003">
  <ItemGroup>
    <ClCompile Include="cApp.cpp" />
    <ClCompile Include="cMain.cpp" />
    <ClCompile Include="Functions.cpp" />
    <ClCompile Include="GenerateScript.cpp" />
    <ClCompile Include="GUI_Base.cpp" />
    <ClCompile Include="OpenTas.cpp" />
    <ClCompile Include="SaveTas.cpp" />
    <ClCompile Include="TypePanel.cpp" />
    <ClCompile Include="BuildingNameToIndex.cpp">
      <Filter>Maps</Filter>
    </ClCompile>
    <ClCompile Include="StepParameters.cpp">
      <Filter>Structs</Filter>
    </ClCompile>
    <ClCompile Include="StepNameToEnum.cpp">
      <Filter>Maps</Filter>
    </ClCompile>
    <ClCompile Include="DialogProgressBar.cpp" />
    <ClCompile Include="SearchUtil.cpp">
      <Filter>Structs</Filter>
    </ClCompile>
  </ItemGroup>
  <ItemGroup>
    <ClInclude Include="cApp.h" />
    <ClInclude Include="cMain.h" />
    <ClInclude Include="Functions.h" />
    <ClInclude Include="GenerateScript.h" />
    <ClInclude Include="GUI_Base.h" />
    <ClInclude Include="OpenTas.h" />
    <ClInclude Include="resource.h" />
    <ClInclude Include="SaveTas.h" />
    <ClInclude Include="DialogProgressBar.h" />
    <ClInclude Include="TypePanel.h" />
    <ClInclude Include="utils.h" />
    <ClInclude Include="StepParameters.h">
      <Filter>Structs</Filter>
    </ClInclude>
    <ClInclude Include="GridEntry.h">
      <Filter>Structs</Filter>
    </ClInclude>
    <ClInclude Include="Building.h">
      <Filter>Structs</Filter>
    </ClInclude>
    <ClInclude Include="BuildingNameToIndex.h">
      <Filter>Maps</Filter>
    </ClInclude>
    <ClInclude Include="StepNameToEnum.h">
      <Filter>Maps</Filter>
    </ClInclude>
    <ClInclude Include="SearchUtil.h">
      <Filter>Structs</Filter>
    </ClInclude>
    <ClInclude Include="SearchUtilities.h" />
  </ItemGroup>
  <ItemGroup>
    <ResourceCompile Include="EZRaiderz-TAS-Helper.rc" />
  </ItemGroup>
  <ItemGroup>
    <Image Include="icon.ico" />
  </ItemGroup>
  <ItemGroup>
    <CopyFileToFolders Include="..\Lua Files\control.lua" />
    <CopyFileToFolders Include="..\Lua Files\goal_any_percent.lua" />
    <CopyFileToFolders Include="..\Lua Files\goal_debug.lua" />
    <CopyFileToFolders Include="..\Lua Files\goal_gotlap.lua" />
    <CopyFileToFolders Include="..\Lua Files\goal_steelaxe.lua" />
    <CopyFileToFolders Include="..\Lua Files\locale.cfg" />
    <CopyFileToFolders Include="..\Lua Files\settings.lua" />
  </ItemGroup>
  <ItemGroup>
    <Filter Include="Structs">
      <UniqueIdentifier>{1dd4036c-78df-4acd-98be-4741713887a2}</UniqueIdentifier>
    </Filter>
    <Filter Include="Maps">
      <UniqueIdentifier>{7bdb55d0-e0ec-42f1-a7cc-bcf6f12d47ce}</UniqueIdentifier>
    </Filter>
  </ItemGroup>
</Project>