<?xml version="1.0" encoding="utf-8"?>
<Project ToolsVersion="4.0" xmlns="http://schemas.microsoft.com/developer/msbuild/2003">
  <ItemGroup>
    <ClCompile Include="cApp.cpp" />
    <ClCompile Include="cMain.cpp" />
    <ClCompile Include="GenerateScript.cpp" />
    <ClCompile Include="GUI_Base.cpp" />
    <ClCompile Include="TypePanel.cpp" />
    <ClCompile Include="DialogProgressBar.cpp" />
    <ClCompile Include="SearchUtil.cpp">
      <Filter>Structs</Filter>
    </ClCompile>
    <ClCompile Include="ShortcutChanger.cpp" />
    <ClCompile Include="ImportStepsPanel.cpp" />
    <ClCompile Include="CommandStack.cpp" />
    <ClCompile Include="SteptypeColour.cpp" />
    <ClCompile Include="Shared functions\Functions.cpp" />
    <ClCompile Include="TAS save file\OpenTas.cpp" />
    <ClCompile Include="TAS save file\SaveTas.cpp" />
    <ClCompile Include="TemplatePage.cpp" />
    <ClCompile Include="WalkPanel.cpp" />
    <ClCompile Include="Shared functions\StringFunctions.cpp" />
    <ClCompile Include="Structures\Step.cpp">
      <Filter>Structs</Filter>
    </ClCompile>
  </ItemGroup>
  <ItemGroup>
    <ClInclude Include="cApp.h" />
    <ClInclude Include="cMain.h" />
    <ClInclude Include="GenerateScript.h" />
    <ClInclude Include="GUI_Base.h" />
    <ClInclude Include="DialogProgressBar.h" />
    <ClInclude Include="TypePanel.h" />
    <ClInclude Include="SearchUtil.h">
      <Filter>Structs</Filter>
    </ClInclude>
    <ClInclude Include="ShortcutChanger.h" />
    <ClInclude Include="Settings.h" />
    <ClInclude Include="ImportStepsPanel.h" />
    <ClInclude Include="nlohmann\json.hpp">
      <Filter>misc</Filter>
    </ClInclude>
    <ClInclude Include="resource.h">
      <Filter>misc</Filter>
    </ClInclude>
    <ClInclude Include="CommandStack.h" />
    <ClInclude Include="SteptypeColour.h" />
    <ClInclude Include="Data\utils.h" />
    <ClInclude Include="Shared functions\Functions.h" />
    <ClInclude Include="Structures\StepModifiers.h" />
    <ClInclude Include="TAS save file\OpenTas.h" />
    <ClInclude Include="TAS save file\SaveTas.h" />
    <ClInclude Include="TAS save file\TasFileConstants.h" />
    <ClInclude Include="Shared functions\StringFunctions.h" />
    <ClInclude Include="Structures\Building.h">
      <Filter>Structs</Filter>
    </ClInclude>
    <ClInclude Include="Data\BuildingNames.h">
      <Filter>Structs</Filter>
    </ClInclude>
    <ClInclude Include="Structures\Priority.h">
      <Filter>Structs</Filter>
    </ClInclude>
    <ClInclude Include="Structures\ParameterChoices.h">
      <Filter>Structs</Filter>
    </ClInclude>
    <ClInclude Include="Structures\Orientation.h">
      <Filter>Structs</Filter>
    </ClInclude>
    <ClInclude Include="Data\Inventory.h">
      <Filter>Structs</Filter>
    </ClInclude>
    <ClInclude Include="Structures\GridEntry.h">
      <Filter>Structs</Filter>
    </ClInclude>
    <ClInclude Include="Structures\Step.h">
      <Filter>Structs</Filter>
    </ClInclude>
    <ClInclude Include="Structures\StepType.h">
      <Filter>Structs</Filter>
    </ClInclude>
  </ItemGroup>
  <ItemGroup>
    <CopyFileToFolders Include="..\Lua Files\control.lua">
      <Filter>lua</Filter>
    </CopyFileToFolders>
    <CopyFileToFolders Include="..\Lua Files\locale.cfg">
      <Filter>lua</Filter>
    </CopyFileToFolders>
    <CopyFileToFolders Include="..\Lua Files\settings.lua">
      <Filter>lua</Filter>
    </CopyFileToFolders>
    <CopyFileToFolders Include="..\Lua Files\goals.lua">
      <Filter>lua</Filter>
    </CopyFileToFolders>
    <CopyFileToFolders Include="..\Lua Files\scenarios\supply\blueprint.zip">
      <Filter>lua\scenarios\supply</Filter>
    </CopyFileToFolders>
    <CopyFileToFolders Include="..\Lua Files\scenarios\supply\control.lua">
      <Filter>lua\scenarios\supply</Filter>
    </CopyFileToFolders>
    <CopyFileToFolders Include="..\Lua Files\scenarios\supply\description.json">
      <Filter>lua\scenarios\supply</Filter>
    </CopyFileToFolders>
    <CopyFileToFolders Include="..\Lua Files\scenarios\supply\image.png">
      <Filter>lua\scenarios\supply</Filter>
    </CopyFileToFolders>
    <CopyFileToFolders Include="..\Lua Files\scenarios\supply\locale\en\supply.cfg">
      <Filter>lua\scenarios\supply</Filter>
    </CopyFileToFolders>
  </ItemGroup>
  <ItemGroup>
    <Filter Include="Structs">
      <UniqueIdentifier>{1dd4036c-78df-4acd-98be-4741713887a2}</UniqueIdentifier>
    </Filter>
    <Filter Include="Maps">
      <UniqueIdentifier>{7bdb55d0-e0ec-42f1-a7cc-bcf6f12d47ce}</UniqueIdentifier>
    </Filter>
    <Filter Include="misc">
      <UniqueIdentifier>{8cafac59-c4b4-4598-9a6f-798e4bc1d1a2}</UniqueIdentifier>
    </Filter>
    <Filter Include="lua">
      <UniqueIdentifier>{59cc3c2e-7e65-4034-ba1d-c69903c5d1ec}</UniqueIdentifier>
    </Filter>
    <Filter Include="lua\scenarios">
      <UniqueIdentifier>{337478cf-7dfc-4bf0-bccb-9fa95aafa49f}</UniqueIdentifier>
    </Filter>
    <Filter Include="lua\scenarios\supply">
      <UniqueIdentifier>{2c5131ec-9cdd-46cc-b704-4a8bd6e0ecbd}</UniqueIdentifier>
    </Filter>
  </ItemGroup>
  <ItemGroup>
    <Natvis Include="misc\wxWidgets.natvis">
      <Filter>misc</Filter>
    </Natvis>
  </ItemGroup>
  <ItemGroup>
    <Image Include="icon.ico">
      <Filter>misc</Filter>
    </Image>
  </ItemGroup>
  <ItemGroup>
    <ResourceCompile Include="Factorio-TAS-Generator.rc">
      <Filter>misc</Filter>
    </ResourceCompile>
  </ItemGroup>
</Project>